
Microsoft Visual Studio Solution File, Format Version 12.00
# Visual Studio Version 17
VisualStudioVersion = 17.9.34616.47
MinimumVisualStudioVersion = 10.0.40219.1
Project("{FAE04EC0-301F-11D3-BF4B-00C04F79EFBC}") = "Kamachi Amman Metals Billing", "Kamachi Amman Metals Billing.csproj", "{FE94F267-1756-49E1-957E-59DBA4B3FFC1}"
EndProject
Global
	GlobalSection(SolutionConfigurationPlatforms) = preSolution
		Debug|Any CPU = Debug|Any CPU
		Release|Any CPU = Release|Any CPU
	EndGlobalSection
	GlobalSection(ProjectConfigurationPlatforms) = postSolution
		{FE94F267-1756-49E1-957E-59DBA4B3FFC1}.Debug|Any CPU.ActiveCfg = Debug|Any CPU
		{FE94F267-1756-49E1-957E-59DBA4B3FFC1}.Debug|Any CPU.Build.0 = Debug|Any CPU
		{FE94F267-1756-49E1-957E-59DBA4B3FFC1}.Release|Any CPU.ActiveCfg = Release|Any CPU
		{FE94F267-1756-49E1-957E-59DBA4B3FFC1}.Release|Any CPU.Build.0 = Release|Any CPU
	EndGlobalSection
	GlobalSection(SolutionProperties) = preSolution
		HideSolutionNode = FALSE
	EndGlobalSection
	GlobalSection(ExtensibilityGlobals) = postSolution
		SolutionGuid = {084A2D4A-5ADC-410B-9959-538A057FA935}
	EndGlobalSection
EndGlobal
